// !$*UTF8*$!
{
	archiveVersion = 1;
	classes = {};
	objectVersion = 60;
	objects = {
		2121D91B0DBFF74C7559BEE7 = { isa = PBXFileReference; lastKnownFileType = sourcecode.swift; path = DashboardStore.swift; sourceTree = "<group>"; };
		2DB5617A75D783B1705FA78C = { isa = PBXBuildFile; fileRef = 2121D91B0DBFF74C7559BEE7; };
		349D40DA82E0A7B5EA4B4609 = { isa = PBXFileReference; lastKnownFileType = sourcecode.swift; path = DependencyDiagram.swift; sourceTree = "<group>"; };
		5C9BB3AF5F6E64D3A576E9DF = { isa = PBXBuildFile; fileRef = 349D40DA82E0A7B5EA4B4609; };
		F9649DA4C3CB2EED43FC1B04 = { isa = PBXFileReference; lastKnownFileType = sourcecode.swift; path = DeviceRevocations.swift; sourceTree = "<group>"; };
		8F14DAEEE00099D4EFD87155 = { isa = PBXBuildFile; fileRef = F9649DA4C3CB2EED43FC1B04; };
		EE32E9B22FD7535D119699A7 = { isa = PBXFileReference; lastKnownFileType = sourcecode.swift; path = GraphViews.swift; sourceTree = "<group>"; };
		1341B1DDA0B1CD25846EBBFC = { isa = PBXBuildFile; fileRef = EE32E9B22FD7535D119699A7; };
		13BF58B6A546CE95919DA3C4 = { isa = PBXFileReference; lastKnownFileType = sourcecode.swift; path = InvestigationViews.swift; sourceTree = "<group>"; };
		48263F2D5803447A3133DCE2 = { isa = PBXBuildFile; fileRef = 13BF58B6A546CE95919DA3C4; };
		C299734E2B9849A76628C2C5 = { isa = PBXFileReference; lastKnownFileType = sourcecode.swift; path = JobmanDashboardApp.swift; sourceTree = "<group>"; };
		DE6EC75B826241C3B4187113 = { isa = PBXBuildFile; fileRef = C299734E2B9849A76628C2C5; };
		0C58C677A97AD3945966CB71 = { isa = PBXFileReference; lastKnownFileType = sourcecode.swift; path = MonitoringViews.swift; sourceTree = "<group>"; };
		10D85FB198B9F6DE1A5256BC = { isa = PBXBuildFile; fileRef = 0C58C677A97AD3945966CB71; };
		24E18F66B43736D3CB805387 = { isa = PBXFileReference; lastKnownFileType = sourcecode.swift; path = NativeAuthentication.swift; sourceTree = "<group>"; };
		D8857A161F915C17E719EEC7 = { isa = PBXBuildFile; fileRef = 24E18F66B43736D3CB805387; };
		F2ED74509272C07BB3F03277 = { isa = PBXFileReference; lastKnownFileType = sourcecode.swift; path = NativeFixtures.swift; sourceTree = "<group>"; };
		0D02E2357190CE847E335DAE = { isa = PBXBuildFile; fileRef = F2ED74509272C07BB3F03277; };
		3CE1B5852CA1FAD8DE2B4333 = { isa = PBXFileReference; lastKnownFileType = sourcecode.swift; path = NativeReportFixtures.swift; sourceTree = "<group>"; };
		EE95F4425C57B7A8251B6E39 = { isa = PBXBuildFile; fileRef = 3CE1B5852CA1FAD8DE2B4333; };
		2CD6610D8A29F3DA2B8C1CCE = { isa = PBXFileReference; lastKnownFileType = sourcecode.swift; path = NativeRuleFixtures.swift; sourceTree = "<group>"; };
		2040904C086D302CC8E6E8D4 = { isa = PBXBuildFile; fileRef = 2CD6610D8A29F3DA2B8C1CCE; };
		3EE1CFE1FEBD3B0946130A84 = { isa = PBXFileReference; lastKnownFileType = sourcecode.swift; path = NotificationDelegate.swift; sourceTree = "<group>"; };
		C0B90F3D10D1E21D9D0D6AEA = { isa = PBXBuildFile; fileRef = 3EE1CFE1FEBD3B0946130A84; };
		186FF494C8AD84CE32199703 = { isa = PBXFileReference; lastKnownFileType = sourcecode.swift; path = NotificationViews.swift; sourceTree = "<group>"; };
		83FA52AB07A28EB89D119E29 = { isa = PBXBuildFile; fileRef = 186FF494C8AD84CE32199703; };
		7F885AD539FC8331AF92B165 = { isa = PBXFileReference; lastKnownFileType = sourcecode.swift; path = ReportViews.swift; sourceTree = "<group>"; };
		71D35E2C0064D4F2B0D52D74 = { isa = PBXBuildFile; fileRef = 7F885AD539FC8331AF92B165; };
		835592FD3245B909F529FDC3 = { isa = PBXFileReference; lastKnownFileType = sourcecode.swift; path = RuleViews.swift; sourceTree = "<group>"; };
		3723BD9D2E2A66C84AA50B46 = { isa = PBXBuildFile; fileRef = 835592FD3245B909F529FDC3; };
		C33172D701417ABF4F5618B5 = { isa = PBXFileReference; lastKnownFileType = sourcecode.swift; path = TargetViews.swift; sourceTree = "<group>"; };
		DE34D48755BDE1FDA1AC5E02 = { isa = PBXBuildFile; fileRef = C33172D701417ABF4F5618B5; };
		92038ADFF8F8C984177A8924 = { isa = PBXFileReference; lastKnownFileType = sourcecode.swift; path = DashboardUITests.swift; sourceTree = "<group>"; };
		1FA383E95807325CA7290E99 = { isa = PBXBuildFile; fileRef = 92038ADFF8F8C984177A8924; };
		31924BA9657C091C7605B762 = { isa = PBXFileReference; lastKnownFileType = text.xml; path = PrivacyInfo.xcprivacy; sourceTree = "<group>"; };
		07B760A8663938679E1BD8F1 = { isa = PBXBuildFile; fileRef = 31924BA9657C091C7605B762; };
		38A007151ABE87CC01A5B6E9 = { isa = PBXFileReference; explicitFileType = wrapper.application; path = JobmanDashboard.app; sourceTree = BUILT_PRODUCTS_DIR; };
		B7480EC88B7F22D0A4757273 = { isa = PBXFileReference; explicitFileType = wrapper.cfbundle; path = DashboardUITests.xctest; sourceTree = BUILT_PRODUCTS_DIR; };
		3A2A88DEEFF3D1D23E496597 = { isa = PBXGroup; children = (2121D91B0DBFF74C7559BEE7, 349D40DA82E0A7B5EA4B4609, F9649DA4C3CB2EED43FC1B04, EE32E9B22FD7535D119699A7, 13BF58B6A546CE95919DA3C4, C299734E2B9849A76628C2C5, 0C58C677A97AD3945966CB71, 24E18F66B43736D3CB805387, F2ED74509272C07BB3F03277, 3CE1B5852CA1FAD8DE2B4333, 2CD6610D8A29F3DA2B8C1CCE, 3EE1CFE1FEBD3B0946130A84, 186FF494C8AD84CE32199703, 7F885AD539FC8331AF92B165, 835592FD3245B909F529FDC3, C33172D701417ABF4F5618B5, 31924BA9657C091C7605B762,); path = App; sourceTree = "<group>"; };
		8B7A6DECC0651D269EA794C7 = { isa = PBXGroup; children = (92038ADFF8F8C984177A8924,); path = UITests; sourceTree = "<group>"; };
		FBDC4F23F93125BBEEAE800C = { isa = PBXGroup; children = (38A007151ABE87CC01A5B6E9, B7480EC88B7F22D0A4757273,); name = Products; sourceTree = "<group>"; };
		033786121A21A09CFE086798 = { isa = PBXFileReference; lastKnownFileType = text.xcconfig; path = Debug.xcconfig; sourceTree = "<group>"; };
		D69A922D371A8ACE419A0AAA = { isa = PBXFileReference; lastKnownFileType = text.xcconfig; path = Release.xcconfig; sourceTree = "<group>"; };
		79FCB783E7AC8BD977B35115 = { isa = PBXGroup; children = (033786121A21A09CFE086798, D69A922D371A8ACE419A0AAA,); path = Config; sourceTree = "<group>"; };
		B28B7AF69320201D1CF206EB = { isa = PBXGroup; children = (3A2A88DEEFF3D1D23E496597, 8B7A6DECC0651D269EA794C7, 79FCB783E7AC8BD977B35115, FBDC4F23F93125BBEEAE800C,); sourceTree = "<group>"; };
		582681C2EAE02B3F3D399C0C = { isa = XCLocalSwiftPackageReference; relativePath = .; };
		E55A8CC6397119BC2F346606 = { isa = XCSwiftPackageProductDependency; package = 582681C2EAE02B3F3D399C0C; productName = DashboardCore; };
		E83810500C383717FC893F30 = { isa = PBXBuildFile; productRef = E55A8CC6397119BC2F346606; };
		BCE16DD0260827ECF338C787 = { isa = PBXSourcesBuildPhase; buildActionMask = 2147483647; files = (2DB5617A75D783B1705FA78C, 5C9BB3AF5F6E64D3A576E9DF, 8F14DAEEE00099D4EFD87155, 1341B1DDA0B1CD25846EBBFC, 48263F2D5803447A3133DCE2, DE6EC75B826241C3B4187113, 10D85FB198B9F6DE1A5256BC, D8857A161F915C17E719EEC7, 0D02E2357190CE847E335DAE, EE95F4425C57B7A8251B6E39, 2040904C086D302CC8E6E8D4, C0B90F3D10D1E21D9D0D6AEA, 83FA52AB07A28EB89D119E29, 71D35E2C0064D4F2B0D52D74, 3723BD9D2E2A66C84AA50B46, DE34D48755BDE1FDA1AC5E02); runOnlyForDeploymentPostprocessing = 0; };
		7561BFB015D8F536760CB671 = { isa = PBXFrameworksBuildPhase; buildActionMask = 2147483647; files = (E83810500C383717FC893F30); runOnlyForDeploymentPostprocessing = 0; };
		0189424A5A60FED329FA868E = { isa = PBXResourcesBuildPhase; buildActionMask = 2147483647; files = (07B760A8663938679E1BD8F1); runOnlyForDeploymentPostprocessing = 0; };
		9F3002A5D69B22D357A58AA9 = { isa = PBXSourcesBuildPhase; buildActionMask = 2147483647; files = (1FA383E95807325CA7290E99); runOnlyForDeploymentPostprocessing = 0; };
		99C7943D90D870A50ADE9160 = { isa = PBXFrameworksBuildPhase; buildActionMask = 2147483647; files = (); runOnlyForDeploymentPostprocessing = 0; };
		1C6332C759B35B5B3487F3CD = { isa = XCBuildConfiguration; buildSettings = { CLANG_ENABLE_MODULES = YES; SDKROOT = iphoneos; IPHONEOS_DEPLOYMENT_TARGET = 18.0; SWIFT_VERSION = 6.0; SWIFT_STRICT_CONCURRENCY = complete; ONLY_ACTIVE_ARCH = YES; }; name = Debug; };
		FAA7255682251B39E2A9E0EE = { isa = XCBuildConfiguration; baseConfigurationReference = 033786121A21A09CFE086798; buildSettings = { CODE_SIGN_STYLE = Automatic; CODE_SIGN_ENTITLEMENTS = Config/Dashboard.entitlements; GENERATE_INFOPLIST_FILE = NO; INFOPLIST_FILE = Config/Info.plist; PRODUCT_BUNDLE_IDENTIFIER = org.jobman.dashboard; PRODUCT_NAME = "$(TARGET_NAME)"; TARGETED_DEVICE_FAMILY = 1; SUPPORTED_PLATFORMS = "iphoneos iphonesimulator"; SUPPORTS_MACCATALYST = NO; SUPPORTS_MAC_DESIGNED_FOR_IPHONE_IPAD = NO; CURRENT_PROJECT_VERSION = 1; MARKETING_VERSION = 0.1.0; ENABLE_USER_SCRIPT_SANDBOXING = YES; SWIFT_OPTIMIZATION_LEVEL = "-Onone"; DEBUG_INFORMATION_FORMAT = dwarf; }; name = Debug; };
		FA8F32856833429D2D74BB45 = { isa = XCBuildConfiguration; buildSettings = { CODE_SIGN_STYLE = Automatic; GENERATE_INFOPLIST_FILE = YES; PRODUCT_BUNDLE_IDENTIFIER = org.jobman.dashboard.uitests; PRODUCT_NAME = "$(TARGET_NAME)"; TEST_TARGET_NAME = JobmanDashboard; TARGETED_DEVICE_FAMILY = 1; }; name = Debug; };
		8B7212A5EF49F64ACD4F072A = { isa = XCBuildConfiguration; buildSettings = { CLANG_ENABLE_MODULES = YES; SDKROOT = iphoneos; IPHONEOS_DEPLOYMENT_TARGET = 18.0; SWIFT_VERSION = 6.0; SWIFT_STRICT_CONCURRENCY = complete; ONLY_ACTIVE_ARCH = NO; }; name = Release; };
		68120FA0DEBB83CCC432450D = { isa = XCBuildConfiguration; baseConfigurationReference = D69A922D371A8ACE419A0AAA; buildSettings = { CODE_SIGN_STYLE = Automatic; CODE_SIGN_ENTITLEMENTS = Config/Dashboard.entitlements; GENERATE_INFOPLIST_FILE = NO; INFOPLIST_FILE = Config/Info.plist; PRODUCT_BUNDLE_IDENTIFIER = org.jobman.dashboard; PRODUCT_NAME = "$(TARGET_NAME)"; TARGETED_DEVICE_FAMILY = 1; SUPPORTED_PLATFORMS = "iphoneos iphonesimulator"; SUPPORTS_MACCATALYST = NO; SUPPORTS_MAC_DESIGNED_FOR_IPHONE_IPAD = NO; CURRENT_PROJECT_VERSION = 1; MARKETING_VERSION = 0.1.0; ENABLE_USER_SCRIPT_SANDBOXING = YES; SWIFT_COMPILATION_MODE = wholemodule; DEBUG_INFORMATION_FORMAT = "dwarf-with-dsym"; }; name = Release; };
		CFA1B3DC10D7348F51EFA503 = { isa = XCBuildConfiguration; buildSettings = { CODE_SIGN_STYLE = Automatic; GENERATE_INFOPLIST_FILE = YES; PRODUCT_BUNDLE_IDENTIFIER = org.jobman.dashboard.uitests; PRODUCT_NAME = "$(TARGET_NAME)"; TEST_TARGET_NAME = JobmanDashboard; TARGETED_DEVICE_FAMILY = 1; }; name = Release; };
		FBD3510CED826C9DAA696E48 = { isa = XCConfigurationList; buildConfigurations = (1C6332C759B35B5B3487F3CD, 8B7212A5EF49F64ACD4F072A,); defaultConfigurationIsVisible = 0; defaultConfigurationName = Release; };
		DBC1F132A3B6D94B1DF33607 = { isa = XCConfigurationList; buildConfigurations = (FAA7255682251B39E2A9E0EE, 68120FA0DEBB83CCC432450D,); defaultConfigurationIsVisible = 0; defaultConfigurationName = Release; };
		57950A58A4374066B2AF45DD = { isa = XCConfigurationList; buildConfigurations = (FA8F32856833429D2D74BB45, CFA1B3DC10D7348F51EFA503,); defaultConfigurationIsVisible = 0; defaultConfigurationName = Release; };
		0E8A3AD980EC179856012B7E = { isa = PBXNativeTarget; buildConfigurationList = DBC1F132A3B6D94B1DF33607; buildPhases = (BCE16DD0260827ECF338C787, 7561BFB015D8F536760CB671, 0189424A5A60FED329FA868E,); buildRules = (); dependencies = (); name = JobmanDashboard; packageProductDependencies = (E55A8CC6397119BC2F346606,); productName = JobmanDashboard; productReference = 38A007151ABE87CC01A5B6E9; productType = "com.apple.product-type.application"; };
		3B07A601889A5C98A1E12C74 = { isa = PBXContainerItemProxy; containerPortal = 98F54143AB4E86B28C3AFEE0; proxyType = 1; remoteGlobalIDString = 0E8A3AD980EC179856012B7E; remoteInfo = JobmanDashboard; };
		2A21D9E9044D0B11FAFCCFE3 = { isa = PBXTargetDependency; target = 0E8A3AD980EC179856012B7E; targetProxy = 3B07A601889A5C98A1E12C74; };
		0A06C5E2DA34E686D888A695 = { isa = PBXNativeTarget; buildConfigurationList = 57950A58A4374066B2AF45DD; buildPhases = (9F3002A5D69B22D357A58AA9, 99C7943D90D870A50ADE9160,); buildRules = (); dependencies = (2A21D9E9044D0B11FAFCCFE3,); name = DashboardUITests; productName = DashboardUITests; productReference = B7480EC88B7F22D0A4757273; productType = "com.apple.product-type.bundle.ui-testing"; };
		98F54143AB4E86B28C3AFEE0 = { isa = PBXProject; attributes = { BuildIndependentTargetsInParallel = YES; LastUpgradeCheck = 1600; TargetAttributes = { 0A06C5E2DA34E686D888A695 = { TestTargetID = 0E8A3AD980EC179856012B7E; }; }; }; buildConfigurationList = FBD3510CED826C9DAA696E48; compatibilityVersion = "Xcode 15.0"; developmentRegion = en; hasScannedForEncodings = 0; knownRegions = (en, Base,); mainGroup = B28B7AF69320201D1CF206EB; packageReferences = (582681C2EAE02B3F3D399C0C,); productRefGroup = FBDC4F23F93125BBEEAE800C; projectDirPath = ""; projectRoot = ""; targets = (0E8A3AD980EC179856012B7E, 0A06C5E2DA34E686D888A695,); };
	};
	rootObject = 98F54143AB4E86B28C3AFEE0;
}
